schema: '2.0'
stages:
  data_ingestion:
    cmd: python src/covid_risk_detection/pipeline/stage_01_data_ingestion.py
    deps:
    - path: config/config.yaml
      hash: md5
      md5: 2942cb3415f04f4186532055864b1eea
      size: 613
    - path: src/covid_risk_detection/components/data_ingestion.py
      hash: md5
      md5: db4ca8c5d02b7447e366abb17f5a1b7a
      size: 725
    - path: src/covid_risk_detection/pipeline/stage_01_data_ingestion.py
      hash: md5
      md5: 1e9944e96c0e087f896f095cf95f6091
      size: 854
    outs:
    - path: artifacts/data_ingestion
      hash: md5
      md5: b4e607eae2a2d602dcd128c08aba22b7.dir
      size: 20421265
      nfiles: 29
  data_transformation:
    cmd: python 
      src/covid_risk_detection/pipeline/stage_02_data_transformation.py
    deps:
    - path: artifacts/data_ingestion
      hash: md5
      md5: b4e607eae2a2d602dcd128c08aba22b7.dir
      size: 20421265
      nfiles: 29
    - path: config/config.yaml
      hash: md5
      md5: 2942cb3415f04f4186532055864b1eea
      size: 613
    - path: src/covid_risk_detection/components/data_transformation.py
      hash: md5
      md5: 42684f724f9f1163634e44c25c2c7345
      size: 8463
    - path: src/covid_risk_detection/pipeline/stage_02_data_transformation.py
      hash: md5
      md5: a29771a1c0a186ee11a40d8263f4fd96
      size: 1074
    outs:
    - path: artifacts/data_transformation
      hash: md5
      md5: e308363dc4b0971f965dd4e062ef347b.dir
      size: 3351531
      nfiles: 2
  model_trainer:
    cmd: python src/covid_risk_detection/pipeline/stage_03_model_trainer.py
    deps:
    - path: artifacts/data_transformation
      hash: md5
      md5: e308363dc4b0971f965dd4e062ef347b.dir
      size: 3351531
      nfiles: 2
    - path: config/config.yaml
      hash: md5
      md5: 2942cb3415f04f4186532055864b1eea
      size: 613
    - path: src/covid_risk_detection/components/fuzzy_ontology.py
      hash: md5
      md5: 1968c0777f419f3febf685de6b94da94
      size: 14702
    - path: src/covid_risk_detection/components/model_trainer.py
      hash: md5
      md5: 2965687069c052aea8384c150cd61bc4
      size: 3556
    - path: src/covid_risk_detection/pipeline/stage_03_model_trainer.py
      hash: md5
      md5: 0df58ff15c95ecfbb9a4438feb3ece04
      size: 1177
    params:
      params.yaml:
        XGBoost.colsample_bytree: 0.9127
        XGBoost.learning_rate: 0.03886
        XGBoost.max_depth: 6
        XGBoost.min_child_weight: 5
        XGBoost.n_estimators: 363
        XGBoost.random_state: 42
        XGBoost.scale_pos_weight: 70.6
        XGBoost.subsample: 0.7244
    outs:
    - path: artifacts/model_trainer
      hash: md5
      md5: fe7bcac60c554966cec833efe9991fd1.dir
      size: 3135264
      nfiles: 4
  model_evaluation:
    cmd: python src/covid_risk_detection/pipeline/stage_04_model_evaluation.py
    deps:
    - path: artifacts/model_trainer
      hash: md5
      md5: fe7bcac60c554966cec833efe9991fd1.dir
      size: 3135264
      nfiles: 4
    - path: config/config.yaml
      hash: md5
      md5: 2942cb3415f04f4186532055864b1eea
      size: 613
    - path: src/covid_risk_detection/components/model_evaluation.py
      hash: md5
      md5: a95412cf631041931bc8c1f03f8f7b23
      size: 3403
    - path: src/covid_risk_detection/pipeline/stage_04_model_evaluation.py
      hash: md5
      md5: 6dead9ae1588ca0421a00239cf1cabde
      size: 1319
    outs:
    - path: artifacts/model_evaluation/metrics.json
      hash: md5
      md5: 47f920d081c16554a4e09f8fd3f3b863
      size: 453
