schema: '2.0'
stages:
  data_ingestion:
    cmd: python src/covid_risk_detection/pipeline/stage_01_data_ingestion.py
    deps:
    - path: config/config.yaml
      hash: md5
      md5: fe94b83df69c9aaf7028c119f75fab64
      size: 558
    - path: src/covid_risk_detection/components/data_ingestion.py
      hash: md5
      md5: 1c9ddc72b003166b55c9e1653911fac9
      size: 809
    - path: src/covid_risk_detection/pipeline/stage_01_data_ingestion.py
      hash: md5
      md5: 3dcef5e1b62c15e5958d7fbaeb38b594
      size: 860
    outs:
    - path: artifacts/data_ingestion
      hash: md5
      md5: b4e607eae2a2d602dcd128c08aba22b7.dir
      size: 20421265
      nfiles: 29
  data_transformation:
    cmd: python 
      src/covid_risk_detection/pipeline/stage_02_data_transformation.py
    deps:
    - path: artifacts/data_ingestion
      hash: md5
      md5: b4e607eae2a2d602dcd128c08aba22b7.dir
      size: 20421265
      nfiles: 29
    - path: config/config.yaml
      hash: md5
      md5: fe94b83df69c9aaf7028c119f75fab64
      size: 558
    - path: src/covid_risk_detection/components/data_transformation.py
      hash: md5
      md5: 7c1d1ae079a9371d622ca0ebd1c9ce2f
      size: 9123
    - path: src/covid_risk_detection/pipeline/stage_02_data_transformation.py
      hash: md5
      md5: dd3ee4f35fcbac700fbe70c7e927b609
      size: 1184
    outs:
    - path: artifacts/data_transformation
      hash: md5
      md5: a326a54b1e4d2970a1ba46c8832fcfb1.dir
      size: 4504523
      nfiles: 2
  model_trainer:
    cmd: python src/covid_risk_detection/pipeline/stage_03_model_trainer.py
    deps:
    - path: artifacts/data_transformation
      hash: md5
      md5: a326a54b1e4d2970a1ba46c8832fcfb1.dir
      size: 4504523
      nfiles: 2
    - path: config/config.yaml
      hash: md5
      md5: fe94b83df69c9aaf7028c119f75fab64
      size: 558
    - path: src/covid_risk_detection/components/fuzzy_ontology.py
      hash: md5
      md5: aa39be73124de2f28a85e762c9c28d10
      size: 9283
    - path: src/covid_risk_detection/components/model_trainer.py
      hash: md5
      md5: 317a607a8c3931cb81d9e84b6a9b825a
      size: 3241
    - path: src/covid_risk_detection/pipeline/stage_03_model_trainer.py
      hash: md5
      md5: 0df58ff15c95ecfbb9a4438feb3ece04
      size: 1177
    params:
      params.yaml:
        LightGBM.colsample_bytree: 0.7
        LightGBM.learning_rate: 0.02
        LightGBM.max_depth: 5
        LightGBM.min_child_samples: 20
        LightGBM.n_estimators: 800
        LightGBM.subsample: 0.8
    outs:
    - path: artifacts/model_trainer
      hash: md5
      md5: 02c62f5dcd3effb4dc88db33e1424e43.dir
      size: 4600591
      nfiles: 4
  model_evaluation:
    cmd: python src/covid_risk_detection/pipeline/stage_04_model_evaluation.py
    deps:
    - path: artifacts/model_trainer
      hash: md5
      md5: 02c62f5dcd3effb4dc88db33e1424e43.dir
      size: 4600591
      nfiles: 4
    - path: config/config.yaml
      hash: md5
      md5: fe94b83df69c9aaf7028c119f75fab64
      size: 558
    - path: src/covid_risk_detection/components/model_evaluation.py
      hash: md5
      md5: fdb74484ac79affb4468d3367ddd384c
      size: 1741
    - path: src/covid_risk_detection/pipeline/stage_04_model_evaluation.py
      hash: md5
      md5: 6dead9ae1588ca0421a00239cf1cabde
      size: 1319
    outs:
    - path: artifacts/model_evaluation/metrics.json
      hash: md5
      md5: 57c89a529fa97a8076518931dc532fda
      size: 228
